
Microsoft Visual Studio Solution File, Format Version 12.00
# Visual Studio Version 17
VisualStudioVersion = 17.3.32929.385
MinimumVisualStudioVersion = 10.0.40219.1
Project("{FAE04EC0-301F-11D3-BF4B-00C04F79EFBC}") = "BulkyBookWeb", "BulkyBookWeb\BulkyBookWeb.csproj", "{4C12F963-DCF9-4E16-A295-5A8CA72C5D33}"
EndProject
Global
	GlobalSection(SolutionConfigurationPlatforms) = preSolution
		Debug|Any CPU = Debug|Any CPU
		Release|Any CPU = Release|Any CPU
	EndGlobalSection
	GlobalSection(ProjectConfigurationPlatforms) = postSolution
		{4C12F963-DCF9-4E16-A295-5A8CA72C5D33}.Debug|Any CPU.ActiveCfg = Debug|Any CPU
		{4C12F963-DCF9-4E16-A295-5A8CA72C5D33}.Debug|Any CPU.Build.0 = Debug|Any CPU
		{4C12F963-DCF9-4E16-A295-5A8CA72C5D33}.Release|Any CPU.ActiveCfg = Release|Any CPU
		{4C12F963-DCF9-4E16-A295-5A8CA72C5D33}.Release|Any CPU.Build.0 = Release|Any CPU
	EndGlobalSection
	GlobalSection(SolutionProperties) = preSolution
		HideSolutionNode = FALSE
	EndGlobalSection
	GlobalSection(ExtensibilityGlobals) = postSolution
		SolutionGuid = {950EE3A9-FBDE-4C58-89F7-4252F47A981A}
	EndGlobalSection
EndGlobal
